// !$*UTF8*$!
{
	archiveVersion = 1;
	classes = {
	};
	objectVersion = 50;
	objects = {

/* Begin PBXBuildFile section */
		4B2F001223C19832009C2CB8 /* AppDelegate.m in Sources */ = {isa = PBXBuildFile; fileRef = 4B2F001123C19832009C2CB8 /* AppDelegate.m */; };
		4B2F001523C19832009C2CB8 /* SceneDelegate.m in Sources */ = {isa = PBXBuildFile; fileRef = 4B2F001423C19832009C2CB8 /* SceneDelegate.m */; };
		4B2F001823C19832009C2CB8 /* YCDemoViewController.mm in Sources */ = {isa = PBXBuildFile; fileRef = 4B2F001723C19832009C2CB8 /* YCDemoViewController.mm */; };
		4B2F001B23C19832009C2CB8 /* Main.storyboard in Resources */ = {isa = PBXBuildFile; fileRef = 4B2F001923C19832009C2CB8 /* Main.storyboard */; };
		4B2F001D23C19835009C2CB8 /* Assets.xcassets in Resources */ = {isa = PBXBuildFile; fileRef = 4B2F001C23C19835009C2CB8 /* Assets.xcassets */; };
		4B2F002023C19835009C2CB8 /* LaunchScreen.storyboard in Resources */ = {isa = PBXBuildFile; fileRef = 4B2F001E23C19835009C2CB8 /* LaunchScreen.storyboard */; };
		4B2F002323C19835009C2CB8 /* main.m in Sources */ = {isa = PBXBuildFile; fileRef = 4B2F002223C19835009C2CB8 /* main.m */; };
		4B36CDCF23C1E9B60099E2E3 /* YCQuantityComponent.mm in Sources */ = {isa = PBXBuildFile; fileRef = 4B36CDCE23C1E9B60099E2E3 /* YCQuantityComponent.mm */; };
		57846AD9FE8C824F3421114E /* libPods-YCQuantityControl.a in Frameworks */ = {isa = PBXBuildFile; fileRef = A32DB4DEBDE97CE5E312349C /* libPods-YCQuantityControl.a */; };
/* End PBXBuildFile section */

/* Begin PBXFileReference section */
		0E313DE5B3EA043E07EA2D3D /* Pods-YCQuantityControl.release.xcconfig */ = {isa = PBXFileReference; includeInIndex = 1; lastKnownFileType = text.xcconfig; name = "Pods-YCQuantityControl.release.xcconfig"; path = "Pods/Target Support Files/Pods-YCQuantityControl/Pods-YCQuantityControl.release.xcconfig"; sourceTree = "<group>"; };
		4B2F000D23C19832009C2CB8 /* YCQuantityControl.app */ = {isa = PBXFileReference; explicitFileType = wrapper.application; includeInIndex = 0; path = YCQuantityControl.app; sourceTree = BUILT_PRODUCTS_DIR; };
		4B2F001023C19832009C2CB8 /* AppDelegate.h */ = {isa = PBXFileReference; lastKnownFileType = sourcecode.c.h; path = AppDelegate.h; sourceTree = "<group>"; };
		4B2F001123C19832009C2CB8 /* AppDelegate.m */ = {isa = PBXFileReference; lastKnownFileType = sourcecode.c.objc; path = AppDelegate.m; sourceTree = "<group>"; };
		4B2F001323C19832009C2CB8 /* SceneDelegate.h */ = {isa = PBXFileReference; lastKnownFileType = sourcecode.c.h; path = SceneDelegate.h; sourceTree = "<group>"; };
		4B2F001423C19832009C2CB8 /* SceneDelegate.m */ = {isa = PBXFileReference; lastKnownFileType = sourcecode.c.objc; path = SceneDelegate.m; sourceTree = "<group>"; };
		4B2F001623C19832009C2CB8 /* YCDemoViewController.h */ = {isa = PBXFileReference; lastKnownFileType = sourcecode.c.h; path = YCDemoViewController.h; sourceTree = "<group>"; };
		4B2F001723C19832009C2CB8 /* YCDemoViewController.mm */ = {isa = PBXFileReference; lastKnownFileType = sourcecode.cpp.objcpp; path = YCDemoViewController.mm; sourceTree = "<group>"; };
		4B2F001A23C19832009C2CB8 /* Base */ = {isa = PBXFileReference; lastKnownFileType = file.storyboard; name = Base; path = Base.lproj/Main.storyboard; sourceTree = "<group>"; };
		4B2F001C23C19835009C2CB8 /* Assets.xcassets */ = {isa = PBXFileReference; lastKnownFileType = folder.assetcatalog; path = Assets.xcassets; sourceTree = "<group>"; };
		4B2F001F23C19835009C2CB8 /* Base */ = {isa = PBXFileReference; lastKnownFileType = file.storyboard; name = Base; path = Base.lproj/LaunchScreen.storyboard; sourceTree = "<group>"; };
		4B2F002123C19835009C2CB8 /* Info.plist */ = {isa = PBXFileReference; lastKnownFileType = text.plist.xml; path = Info.plist; sourceTree = "<group>"; };
		4B2F002223C19835009C2CB8 /* main.m */ = {isa = PBXFileReference; lastKnownFileType = sourcecode.c.objc; path = main.m; sourceTree = "<group>"; };
		4B36CDCD23C1E9B60099E2E3 /* YCQuantityComponent.h */ = {isa = PBXFileReference; lastKnownFileType = sourcecode.c.h; path = YCQuantityComponent.h; sourceTree = "<group>"; };
		4B36CDCE23C1E9B60099E2E3 /* YCQuantityComponent.mm */ = {isa = PBXFileReference; lastKnownFileType = sourcecode.cpp.objcpp; path = YCQuantityComponent.mm; sourceTree = "<group>"; };
		A32DB4DEBDE97CE5E312349C /* libPods-YCQuantityControl.a */ = {isa = PBXFileReference; explicitFileType = archive.ar; includeInIndex = 0; path = "libPods-YCQuantityControl.a"; sourceTree = BUILT_PRODUCTS_DIR; };
		E50402F22B671A5C9A590CB9 /* Pods-YCQuantityControl.debug.xcconfig */ = {isa = PBXFileReference; includeInIndex = 1; lastKnownFileType = text.xcconfig; name = "Pods-YCQuantityControl.debug.xcconfig"; path = "Pods/Target Support Files/Pods-YCQuantityControl/Pods-YCQuantityControl.debug.xcconfig"; sourceTree = "<group>"; };
/* End PBXFileReference section */

/* Begin PBXFrameworksBuildPhase section */
		4B2F000A23C19832009C2CB8 /* Frameworks */ = {
			isa = PBXFrameworksBuildPhase;
			buildActionMask = 2147483647;
			files = (
				57846AD9FE8C824F3421114E /* libPods-YCQuantityControl.a in Frameworks */,
			);
			runOnlyForDeploymentPostprocessing = 0;
		};
/* End PBXFrameworksBuildPhase section */

/* Begin PBXGroup section */
		1B494FBF542D1BF2310ADF1E /* Pods */ = {
			isa = PBXGroup;
			children = (
				E50402F22B671A5C9A590CB9 /* Pods-YCQuantityControl.debug.xcconfig */,
				0E313DE5B3EA043E07EA2D3D /* Pods-YCQuantityControl.release.xcconfig */,
			);
			name = Pods;
			sourceTree = "<group>";
		};
		299E7C19B14B9E12167F8183 /* Frameworks */ = {
			isa = PBXGroup;
			children = (
				A32DB4DEBDE97CE5E312349C /* libPods-YCQuantityControl.a */,
			);
			name = Frameworks;
			sourceTree = "<group>";
		};
		4B2F000423C19832009C2CB8 = {
			isa = PBXGroup;
			children = (
				4B2F000F23C19832009C2CB8 /* YCQuantityControl */,
				4B2F000E23C19832009C2CB8 /* Products */,
				1B494FBF542D1BF2310ADF1E /* Pods */,
				299E7C19B14B9E12167F8183 /* Frameworks */,
			);
			sourceTree = "<group>";
		};
		4B2F000E23C19832009C2CB8 /* Products */ = {
			isa = PBXGroup;
			children = (
				4B2F000D23C19832009C2CB8 /* YCQuantityControl.app */,
			);
			name = Products;
			sourceTree = "<group>";
		};
		4B2F000F23C19832009C2CB8 /* YCQuantityControl */ = {
			isa = PBXGroup;
			children = (
				4B36CDC923C1E94A0099E2E3 /* Components */,
				4B2F001023C19832009C2CB8 /* AppDelegate.h */,
				4B2F001123C19832009C2CB8 /* AppDelegate.m */,
				4B2F001323C19832009C2CB8 /* SceneDelegate.h */,
				4B2F001423C19832009C2CB8 /* SceneDelegate.m */,
				4B2F001623C19832009C2CB8 /* YCDemoViewController.h */,
				4B2F001723C19832009C2CB8 /* YCDemoViewController.mm */,
				4B2F001923C19832009C2CB8 /* Main.storyboard */,
				4B2F001C23C19835009C2CB8 /* Assets.xcassets */,
				4B2F001E23C19835009C2CB8 /* LaunchScreen.storyboard */,
				4B2F002123C19835009C2CB8 /* Info.plist */,
				4B2F002223C19835009C2CB8 /* main.m */,
			);
			path = YCQuantityControl;
			sourceTree = "<group>";
		};
		4B36CDC923C1E94A0099E2E3 /* Components */ = {
			isa = PBXGroup;
			children = (
				4B36CDCD23C1E9B60099E2E3 /* YCQuantityComponent.h */,
				4B36CDCE23C1E9B60099E2E3 /* YCQuantityComponent.mm */,
			);
			path = Components;
			sourceTree = "<group>";
		};
/* End PBXGroup section */

/* Begin PBXNativeTarget section */
		4B2F000C23C19832009C2CB8 /* YCQuantityControl */ = {
			isa = PBXNativeTarget;
			buildConfigurationList = 4B2F002623C19835009C2CB8 /* Build configuration list for PBXNativeTarget "YCQuantityControl" */;
			buildPhases = (
				C109E037817AD429CEFA65DD /* [CP] Check Pods Manifest.lock */,
				4B2F000923C19832009C2CB8 /* Sources */,
				4B2F000A23C19832009C2CB8 /* Frameworks */,
				4B2F000B23C19832009C2CB8 /* Resources */,
			);
			buildRules = (
			);
			dependencies = (
			);
			name = YCQuantityControl;
			productName = YCQuantityControl;
			productReference = 4B2F000D23C19832009C2CB8 /* YCQuantityControl.app */;
			productType = "com.apple.product-type.application";
		};
/* End PBXNativeTarget section */

/* Begin PBXProject section */
		4B2F000523C19832009C2CB8 /* Project object */ = {
			isa = PBXProject;
			attributes = {
				LastUpgradeCheck = 1130;
				ORGANIZATIONNAME = shuai;
				TargetAttributes = {
					4B2F000C23C19832009C2CB8 = {
						CreatedOnToolsVersion = 11.3;
					};
				};
			};
			buildConfigurationList = 4B2F000823C19832009C2CB8 /* Build configuration list for PBXProject "YCQuantityControl" */;
			compatibilityVersion = "Xcode 9.3";
			developmentRegion = en;
			hasScannedForEncodings = 0;
			knownRegions = (
				en,
				Base,
			);
			mainGroup = 4B2F000423C19832009C2CB8;
			productRefGroup = 4B2F000E23C19832009C2CB8 /* Products */;
			projectDirPath = "";
			projectRoot = "";
			targets = (
				4B2F000C23C19832009C2CB8 /* YCQuantityControl */,
			);
		};
/* End PBXProject section */

/* Begin PBXResourcesBuildPhase section */
		4B2F000B23C19832009C2CB8 /* Resources */ = {
			isa = PBXResourcesBuildPhase;
			buildActionMask = 2147483647;
			files = (
				4B2F002023C19835009C2CB8 /* LaunchScreen.storyboard in Resources */,
				4B2F001D23C19835009C2CB8 /* Assets.xcassets in Resources */,
				4B2F001B23C19832009C2CB8 /* Main.storyboard in Resources */,
			);
			runOnlyForDeploymentPostprocessing = 0;
		};
/* End PBXResourcesBuildPhase section */

/* Begin PBXShellScriptBuildPhase section */
		C109E037817AD429CEFA65DD /* [CP] Check Pods Manifest.lock */ = {
			isa = PBXShellScriptBuildPhase;
			buildActionMask = 2147483647;
			files = (
			);
			inputFileListPaths = (
			);
			inputPaths = (
				"${PODS_PODFILE_DIR_PATH}/Podfile.lock",
				"${PODS_ROOT}/Manifest.lock",
			);
			name = "[CP] Check Pods Manifest.lock";
			outputFileListPaths = (
			);
			outputPaths = (
				"$(DERIVED_FILE_DIR)/Pods-YCQuantityControl-checkManifestLockResult.txt",
			);
			runOnlyForDeploymentPostprocessing = 0;
			shellPath = /bin/sh;
			shellScript = "diff \"${PODS_PODFILE_DIR_PATH}/Podfile.lock\" \"${PODS_ROOT}/Manifest.lock\" > /dev/null\nif [ $? != 0 ] ; then\n    # print error to STDERR\n    echo \"error: The sandbox is not in sync with the Podfile.lock. Run 'pod install' or update your CocoaPods installation.\" >&2\n    exit 1\nfi\n# This output is used by Xcode 'outputs' to avoid re-running this script phase.\necho \"SUCCESS\" > \"${SCRIPT_OUTPUT_FILE_0}\"\n";
			showEnvVarsInLog = 0;
		};
/* End PBXShellScriptBuildPhase section */

/* Begin PBXSourcesBuildPhase section */
		4B2F000923C19832009C2CB8 /* Sources */ = {
			isa = PBXSourcesBuildPhase;
			buildActionMask = 2147483647;
			files = (
				4B36CDCF23C1E9B60099E2E3 /* YCQuantityComponent.mm in Sources */,
				4B2F001823C19832009C2CB8 /* YCDemoViewController.mm in Sources */,
				4B2F001223C19832009C2CB8 /* AppDelegate.m in Sources */,
				4B2F002323C19835009C2CB8 /* main.m in Sources */,
				4B2F001523C19832009C2CB8 /* SceneDelegate.m in Sources */,
			);
			runOnlyForDeploymentPostprocessing = 0;
		};
/* End PBXSourcesBuildPhase section */

/* Begin PBXVariantGroup section */
		4B2F001923C19832009C2CB8 /* Main.storyboard */ = {
			isa = PBXVariantGroup;
			children = (
				4B2F001A23C19832009C2CB8 /* Base */,
			);
			name = Main.storyboard;
			sourceTree = "<group>";
		};
		4B2F001E23C19835009C2CB8 /* LaunchScreen.storyboard */ = {
			isa = PBXVariantGroup;
			children = (
				4B2F001F23C19835009C2CB8 /* Base */,
			);
			name = LaunchScreen.storyboard;
			sourceTree = "<group>";
		};
/* End PBXVariantGroup section */

/* Begin XCBuildConfiguration section */
		4B2F002423C19835009C2CB8 /* Debug */ = {
			isa = XCBuildConfiguration;
			buildSettings = {
				ALWAYS_SEARCH_USER_PATHS = NO;
				CLANG_ANALYZER_NONNULL = YES;
				CLANG_ANALYZER_NUMBER_OBJECT_CONVERSION = YES_AGGRESSIVE;
				CLANG_CXX_LANGUAGE_STANDARD = "gnu++14";
				CLANG_CXX_LIBRARY = "libc++";
				CLANG_ENABLE_MODULES = YES;
				CLANG_ENABLE_OBJC_ARC = YES;
				CLANG_ENABLE_OBJC_WEAK = YES;
				CLANG_WARN_BLOCK_CAPTURE_AUTORELEASING = YES;
				CLANG_WARN_BOOL_CONVERSION = YES;
				CLANG_WARN_COMMA = YES;
				CLANG_WARN_CONSTANT_CONVERSION = YES;
				CLANG_WARN_DEPRECATED_OBJC_IMPLEMENTATIONS = YES;
				CLANG_WARN_DIRECT_OBJC_ISA_USAGE = YES_ERROR;
				CLANG_WARN_DOCUMENTATION_COMMENTS = YES;
				CLANG_WARN_EMPTY_BODY = YES;
				CLANG_WARN_ENUM_CONVERSION = YES;
				CLANG_WARN_INFINITE_RECURSION = YES;
				CLANG_WARN_INT_CONVERSION = YES;
				CLANG_WARN_NON_LITERAL_NULL_CONVERSION = YES;
				CLANG_WARN_OBJC_IMPLICIT_RETAIN_SELF = YES;
				CLANG_WARN_OBJC_LITERAL_CONVERSION = YES;
				CLANG_WARN_OBJC_ROOT_CLASS = YES_ERROR;
				CLANG_WARN_RANGE_LOOP_ANALYSIS = YES;
				CLANG_WARN_STRICT_PROTOTYPES = YES;
				CLANG_WARN_SUSPICIOUS_MOVE = YES;
				CLANG_WARN_UNGUARDED_AVAILABILITY = YES_AGGRESSIVE;
				CLANG_WARN_UNREACHABLE_CODE = YES;
				CLANG_WARN__DUPLICATE_METHOD_MATCH = YES;
				COPY_PHASE_STRIP = NO;
				DEBUG_INFORMATION_FORMAT = dwarf;
				ENABLE_STRICT_OBJC_MSGSEND = YES;
				ENABLE_TESTABILITY = YES;
				GCC_C_LANGUAGE_STANDARD = gnu11;
				GCC_DYNAMIC_NO_PIC = NO;
				GCC_NO_COMMON_BLOCKS = YES;
				GCC_OPTIMIZATION_LEVEL = 0;
				GCC_PREPROCESSOR_DEFINITIONS = (
					"DEBUG=1",
					"$(inherited)",
				);
				GCC_WARN_64_TO_32_BIT_CONVERSION = YES;
				GCC_WARN_ABOUT_RETURN_TYPE = YES_ERROR;
				GCC_WARN_UNDECLARED_SELECTOR = YES;
				GCC_WARN_UNINITIALIZED_AUTOS = YES_AGGRESSIVE;
				GCC_WARN_UNUSED_FUNCTION = YES;
				GCC_WARN_UNUSED_VARIABLE = YES;
				IPHONEOS_DEPLOYMENT_TARGET = 13.2;
				MTL_ENABLE_DEBUG_INFO = INCLUDE_SOURCE;
				MTL_FAST_MATH = YES;
				ONLY_ACTIVE_ARCH = YES;
				SDKROOT = iphoneos;
			};
			name = Debug;
		};
		4B2F002523C19835009C2CB8 /* Release */ = {
			isa = XCBuildConfiguration;
			buildSettings = {
				ALWAYS_SEARCH_USER_PATHS = NO;
				CLANG_ANALYZER_NONNULL = YES;
				CLANG_ANALYZER_NUMBER_OBJECT_CONVERSION = YES_AGGRESSIVE;
				CLANG_CXX_LANGUAGE_STANDARD = "gnu++14";
				CLANG_CXX_LIBRARY = "libc++";
				CLANG_ENABLE_MODULES = YES;
				CLANG_ENABLE_OBJC_ARC = YES;
				CLANG_ENABLE_OBJC_WEAK = YES;
				CLANG_WARN_BLOCK_CAPTURE_AUTORELEASING = YES;
				CLANG_WARN_BOOL_CONVERSION = YES;
				CLANG_WARN_COMMA = YES;
				CLANG_WARN_CONSTANT_CONVERSION = YES;
				CLANG_WARN_DEPRECATED_OBJC_IMPLEMENTATIONS = YES;
				CLANG_WARN_DIRECT_OBJC_ISA_USAGE = YES_ERROR;
				CLANG_WARN_DOCUMENTATION_COMMENTS = YES;
				CLANG_WARN_EMPTY_BODY = YES;
				CLANG_WARN_ENUM_CONVERSION = YES;
				CLANG_WARN_INFINITE_RECURSION = YES;
				CLANG_WARN_INT_CONVERSION = YES;
				CLANG_WARN_NON_LITERAL_NULL_CONVERSION = YES;
				CLANG_WARN_OBJC_IMPLICIT_RETAIN_SELF = YES;
				CLANG_WARN_OBJC_LITERAL_CONVERSION = YES;
				CLANG_WARN_OBJC_ROOT_CLASS = YES_ERROR;
				CLANG_WARN_RANGE_LOOP_ANALYSIS = YES;
				CLANG_WARN_STRICT_PROTOTYPES = YES;
				CLANG_WARN_SUSPICIOUS_MOVE = YES;
				CLANG_WARN_UNGUARDED_AVAILABILITY = YES_AGGRESSIVE;
				CLANG_WARN_UNREACHABLE_CODE = YES;
				CLANG_WARN__DUPLICATE_METHOD_MATCH = YES;
				COPY_PHASE_STRIP = NO;
				DEBUG_INFORMATION_FORMAT = "dwarf-with-dsym";
				ENABLE_NS_ASSERTIONS = NO;
				ENABLE_STRICT_OBJC_MSGSEND = YES;
				GCC_C_LANGUAGE_STANDARD = gnu11;
				GCC_NO_COMMON_BLOCKS = YES;
				GCC_WARN_64_TO_32_BIT_CONVERSION = YES;
				GCC_WARN_ABOUT_RETURN_TYPE = YES_ERROR;
				GCC_WARN_UNDECLARED_SELECTOR = YES;
				GCC_WARN_UNINITIALIZED_AUTOS = YES_AGGRESSIVE;
				GCC_WARN_UNUSED_FUNCTION = YES;
				GCC_WARN_UNUSED_VARIABLE = YES;
				IPHONEOS_DEPLOYMENT_TARGET = 13.2;
				MTL_ENABLE_DEBUG_INFO = NO;
				MTL_FAST_MATH = YES;
				SDKROOT = iphoneos;
				VALIDATE_PRODUCT = YES;
			};
			name = Release;
		};
		4B2F002723C19835009C2CB8 /* Debug */ = {
			isa = XCBuildConfiguration;
			baseConfigurationReference = E50402F22B671A5C9A590CB9 /* Pods-YCQuantityControl.debug.xcconfig */;
			buildSettings = {
				ASSETCATALOG_COMPILER_APPICON_NAME = AppIcon;
				CODE_SIGN_STYLE = Automatic;
				INFOPLIST_FILE = YCQuantityControl/Info.plist;
				LD_RUNPATH_SEARCH_PATHS = (
					"$(inherited)",
					"@executable_path/Frameworks",
				);
				PRODUCT_BUNDLE_IDENTIFIER = be.liushuaiko.YCQuantityControl;
				PRODUCT_NAME = "$(TARGET_NAME)";
				TARGETED_DEVICE_FAMILY = "1,2";
			};
			name = Debug;
		};
		4B2F002823C19835009C2CB8 /* Release */ = {
			isa = XCBuildConfiguration;
			baseConfigurationReference = 0E313DE5B3EA043E07EA2D3D /* Pods-YCQuantityControl.release.xcconfig */;
			buildSettings = {
				ASSETCATALOG_COMPILER_APPICON_NAME = AppIcon;
				CODE_SIGN_STYLE = Automatic;
				INFOPLIST_FILE = YCQuantityControl/Info.plist;
				LD_RUNPATH_SEARCH_PATHS = (
					"$(inherited)",
					"@executable_path/Frameworks",
				);
				PRODUCT_BUNDLE_IDENTIFIER = be.liushuaiko.YCQuantityControl;
				PRODUCT_NAME = "$(TARGET_NAME)";
				TARGETED_DEVICE_FAMILY = "1,2";
			};
			name = Release;
		};
/* End XCBuildConfiguration section */

/* Begin XCConfigurationList section */
		4B2F000823C19832009C2CB8 /* Build configuration list for PBXProject "YCQuantityControl" */ = {
			isa = XCConfigurationList;
			buildConfigurations = (
				4B2F002423C19835009C2CB8 /* Debug */,
				4B2F002523C19835009C2CB8 /* Release */,
			);
			defaultConfigurationIsVisible = 0;
			defaultConfigurationName = Release;
		};
		4B2F002623C19835009C2CB8 /* Build configuration list for PBXNativeTarget "YCQuantityControl" */ = {
			isa = XCConfigurationList;
			buildConfigurations = (
				4B2F002723C19835009C2CB8 /* Debug */,
				4B2F002823C19835009C2CB8 /* Release */,
			);
			defaultConfigurationIsVisible = 0;
			defaultConfigurationName = Release;
		};
/* End XCConfigurationList section */
	};
	rootObject = 4B2F000523C19832009C2CB8 /* Project object */;
}
